<Solution>
  <Folder Name="/BuildingBlocks/">
    <Project Path="../src/BuildingBlocks/BuildingBlocks/BuildingBlocks.csproj" Id="3c59b91c-13ee-4083-8850-55c43f60a988" />
  </Folder>
  <Folder Name="/Services/" />
  <Folder Name="/Services/Catalog/">
    <Project Path="../src/Services/Catalog/Catalog.API/Catalog.API.csproj" />
  </Folder>
</Solution>
